
Microsoft Visual Studio Solution File, Format Version 12.00
# Visual Studio Version 17
VisualStudioVersion = 17.6.33829.357
MinimumVisualStudioVersion = 10.0.40219.1
Project("{888888A0-9F3D-457C-B088-3A5042F75D52}") = "mat", "mat\mat.pyproj", "{6B8720CB-44D3-414E-804D-C5820AF2C167}"
EndProject
Global
	GlobalSection(SolutionConfigurationPlatforms) = preSolution
		Debug|Any CPU = Debug|Any CPU
		Release|Any CPU = Release|Any CPU
	EndGlobalSection
	GlobalSection(ProjectConfigurationPlatforms) = postSolution
		{6B8720CB-44D3-414E-804D-C5820AF2C167}.Debug|Any CPU.ActiveCfg = Debug|Any CPU
		{6B8720CB-44D3-414E-804D-C5820AF2C167}.Release|Any CPU.ActiveCfg = Release|Any CPU
	EndGlobalSection
	GlobalSection(SolutionProperties) = preSolution
		HideSolutionNode = FALSE
	EndGlobalSection
	GlobalSection(ExtensibilityGlobals) = postSolution
		SolutionGuid = {BBDCB235-BCBA-41CB-B014-6B77B2F21FF7}
	EndGlobalSection
EndGlobal
